
Microsoft Visual Studio Solution File, Format Version 12.00
# Visual Studio Version 17
VisualStudioVersion = 17.8.34511.84
MinimumVisualStudioVersion = 10.0.40219.1
Project("{FAE04EC0-301F-11D3-BF4B-00C04F79EFBC}") = "HackerNews", "HackerNews.csproj", "{75DFBD4F-80F8-432D-AD30-1B3A6FA1A1CB}"
EndProject
Global
	GlobalSection(SolutionConfigurationPlatforms) = preSolution
		Debug|Any CPU = Debug|Any CPU
		Release|Any CPU = Release|Any CPU
	EndGlobalSection
	GlobalSection(ProjectConfigurationPlatforms) = postSolution
		{75DFBD4F-80F8-432D-AD30-1B3A6FA1A1CB}.Debug|Any CPU.ActiveCfg = Debug|Any CPU
		{75DFBD4F-80F8-432D-AD30-1B3A6FA1A1CB}.Debug|Any CPU.Build.0 = Debug|Any CPU
		{75DFBD4F-80F8-432D-AD30-1B3A6FA1A1CB}.Release|Any CPU.ActiveCfg = Release|Any CPU
		{75DFBD4F-80F8-432D-AD30-1B3A6FA1A1CB}.Release|Any CPU.Build.0 = Release|Any CPU
	EndGlobalSection
	GlobalSection(SolutionProperties) = preSolution
		HideSolutionNode = FALSE
	EndGlobalSection
	GlobalSection(ExtensibilityGlobals) = postSolution
		SolutionGuid = {B8ECF562-9AE0-4D84-857D-DD8909CF8D64}
	EndGlobalSection
EndGlobal
